
Microsoft Visual Studio Solution File, Format Version 12.00
# Visual Studio 15
VisualStudioVersion = 15.0.28010.2050
MinimumVisualStudioVersion = 10.0.40219.1
Project("{8BC9CEB8-8B4A-11D0-8D11-00A0C91BC942}") = "Mt3620Ultrasonic", "Mt3620Ultrasonic.vcxproj", "{B3EC8D5B-39CB-42D7-8717-10D338C13EB1}"
EndProject
Global
	GlobalSection(SolutionConfigurationPlatforms) = preSolution
		Debug|ARM = Debug|ARM
		Release|ARM = Release|ARM
	EndGlobalSection
	GlobalSection(ProjectConfigurationPlatforms) = postSolution
		{B3EC8D5B-39CB-42D7-8717-10D338C13EB1}.Debug|ARM.ActiveCfg = Debug|ARM
		{B3EC8D5B-39CB-42D7-8717-10D338C13EB1}.Debug|ARM.Build.0 = Debug|ARM
		{B3EC8D5B-39CB-42D7-8717-10D338C13EB1}.Release|ARM.ActiveCfg = Release|ARM
		{B3EC8D5B-39CB-42D7-8717-10D338C13EB1}.Release|ARM.Build.0 = Release|ARM
	EndGlobalSection
	GlobalSection(SolutionProperties) = preSolution
		HideSolutionNode = FALSE
	EndGlobalSection
	GlobalSection(ExtensibilityGlobals) = postSolution
		SolutionGuid = {1DACDE84-B65A-4384-8E2D-F3E3D3C56C74}
	EndGlobalSection
EndGlobal
